{
  "requires": true,
  "lockfileVersion": 1,
  "dependencies": {
    "@react-oauth/google": {
      "version": "0.2.6",
      "resolved": "https://registry.npmjs.org/@react-oauth/google/-/google-0.2.6.tgz",
      "integrity": "sha512-Az6w/EL3QHSvWVbfX2WbUB15PGqM0hm86bpAoyvjw2nhDdPp9IOjpFg5HfSGJQJBydjbCFnZjI8PJskTzLOhew=="
    },
    "jwt-decode": {
      "version": "3.1.2",
      "resolved": "https://registry.npmjs.org/jwt-decode/-/jwt-decode-3.1.2.tgz",
      "integrity": "sha512-UfpWE/VZn0iP50d8cz9NrZLM9lSWhcJ+0Gt/nm4by88UL+J1SiKN8/5dkjMmbEzwL2CAe+67GsegCbIKtbp75A=="
    }
  }
}
